
Microsoft Visual Studio Solution File, Format Version 12.00
# Visual Studio Version 17
VisualStudioVersion = 17.14.36408.4
MinimumVisualStudioVersion = 10.0.40219.1
Project("{FAE04EC0-301F-11D3-BF4B-00C04F79EFBC}") = "server-q-it", "server-q-it\server-q-it.csproj", "{BE952173-56EF-4F36-BD98-A376D3EFDD46}"
EndProject
Project("{FAE04EC0-301F-11D3-BF4B-00C04F79EFBC}") = "Repository", "Reposetory\Repository.csproj", "{F3A4FBFB-7EB3-43C0-8F1E-8D9EED16CB72}"
EndProject
Project("{FAE04EC0-301F-11D3-BF4B-00C04F79EFBC}") = "server", "server\server.csproj", "{90DE1AE5-87B0-4625-8486-923550AB2616}"
EndProject
Project("{FAE04EC0-301F-11D3-BF4B-00C04F79EFBC}") = "CodeFirst", "CodeFirst\CodeFirst.csproj", "{C895811C-ACF2-4F4B-9961-AC4DD19980D5}"
EndProject
Project("{2150E333-8FDC-42A3-9474-1A3956D46DE8}") = "server-q-it", "server-q-it", "{4D179CCE-BEDC-6849-EF32-6D4B35F0D1E5}"
EndProject
Project("{2150E333-8FDC-42A3-9474-1A3956D46DE8}") = "Tests", "Tests", "{493B22FC-653D-E557-C62C-BB90067F6C6F}"
EndProject
Project("{FAE04EC0-301F-11D3-BF4B-00C04F79EFBC}") = "server-q-it.Tests", "server-q-it\Tests\server-q-it.Tests.csproj", "{CE6FAEFF-0191-4477-93B4-E2785965D174}"
EndProject
Project("{2150E333-8FDC-42A3-9474-1A3956D46DE8}") = "E2ETests", "E2ETests", "{B233897E-66C8-F85E-C143-9FDE1814E6DE}"
EndProject
Project("{FAE04EC0-301F-11D3-BF4B-00C04F79EFBC}") = "server-q-it.E2ETests", "server-q-it\E2ETests\server-q-it.E2ETests.csproj", "{D6C42198-332C-49AB-916F-DA38D7A58C9F}"
EndProject
Global
	GlobalSection(SolutionConfigurationPlatforms) = preSolution
		Debug|Any CPU = Debug|Any CPU
		Debug|x64 = Debug|x64
		Debug|x86 = Debug|x86
		Release|Any CPU = Release|Any CPU
		Release|x64 = Release|x64
		Release|x86 = Release|x86
	EndGlobalSection
	GlobalSection(ProjectConfigurationPlatforms) = postSolution
		{BE952173-56EF-4F36-BD98-A376D3EFDD46}.Debug|Any CPU.ActiveCfg = Debug|Any CPU
		{BE952173-56EF-4F36-BD98-A376D3EFDD46}.Debug|Any CPU.Build.0 = Debug|Any CPU
		{BE952173-56EF-4F36-BD98-A376D3EFDD46}.Debug|x64.ActiveCfg = Debug|Any CPU
		{BE952173-56EF-4F36-BD98-A376D3EFDD46}.Debug|x64.Build.0 = Debug|Any CPU
		{BE952173-56EF-4F36-BD98-A376D3EFDD46}.Debug|x86.ActiveCfg = Debug|Any CPU
		{BE952173-56EF-4F36-BD98-A376D3EFDD46}.Debug|x86.Build.0 = Debug|Any CPU
		{BE952173-56EF-4F36-BD98-A376D3EFDD46}.Release|Any CPU.ActiveCfg = Release|Any CPU
		{BE952173-56EF-4F36-BD98-A376D3EFDD46}.Release|Any CPU.Build.0 = Release|Any CPU
		{BE952173-56EF-4F36-BD98-A376D3EFDD46}.Release|x64.ActiveCfg = Release|Any CPU
		{BE952173-56EF-4F36-BD98-A376D3EFDD46}.Release|x64.Build.0 = Release|Any CPU
		{BE952173-56EF-4F36-BD98-A376D3EFDD46}.Release|x86.ActiveCfg = Release|Any CPU
		{BE952173-56EF-4F36-BD98-A376D3EFDD46}.Release|x86.Build.0 = Release|Any CPU
		{F3A4FBFB-7EB3-43C0-8F1E-8D9EED16CB72}.Debug|Any CPU.ActiveCfg = Debug|Any CPU
		{F3A4FBFB-7EB3-43C0-8F1E-8D9EED16CB72}.Debug|Any CPU.Build.0 = Debug|Any CPU
		{F3A4FBFB-7EB3-43C0-8F1E-8D9EED16CB72}.Debug|x64.ActiveCfg = Debug|Any CPU
		{F3A4FBFB-7EB3-43C0-8F1E-8D9EED16CB72}.Debug|x64.Build.0 = Debug|Any CPU
		{F3A4FBFB-7EB3-43C0-8F1E-8D9EED16CB72}.Debug|x86.ActiveCfg = Debug|Any CPU
		{F3A4FBFB-7EB3-43C0-8F1E-8D9EED16CB72}.Debug|x86.Build.0 = Debug|Any CPU
		{F3A4FBFB-7EB3-43C0-8F1E-8D9EED16CB72}.Release|Any CPU.ActiveCfg = Release|Any CPU
		{F3A4FBFB-7EB3-43C0-8F1E-8D9EED16CB72}.Release|Any CPU.Build.0 = Release|Any CPU
		{F3A4FBFB-7EB3-43C0-8F1E-8D9EED16CB72}.Release|x64.ActiveCfg = Release|Any CPU
		{F3A4FBFB-7EB3-43C0-8F1E-8D9EED16CB72}.Release|x64.Build.0 = Release|Any CPU
		{F3A4FBFB-7EB3-43C0-8F1E-8D9EED16CB72}.Release|x86.ActiveCfg = Release|Any CPU
		{F3A4FBFB-7EB3-43C0-8F1E-8D9EED16CB72}.Release|x86.Build.0 = Release|Any CPU
		{90DE1AE5-87B0-4625-8486-923550AB2616}.Debug|Any CPU.ActiveCfg = Debug|Any CPU
		{90DE1AE5-87B0-4625-8486-923550AB2616}.Debug|Any CPU.Build.0 = Debug|Any CPU
		{90DE1AE5-87B0-4625-8486-923550AB2616}.Debug|x64.ActiveCfg = Debug|Any CPU
		{90DE1AE5-87B0-4625-8486-923550AB2616}.Debug|x64.Build.0 = Debug|Any CPU
		{90DE1AE5-87B0-4625-8486-923550AB2616}.Debug|x86.ActiveCfg = Debug|Any CPU
		{90DE1AE5-87B0-4625-8486-923550AB2616}.Debug|x86.Build.0 = Debug|Any CPU
		{90DE1AE5-87B0-4625-8486-923550AB2616}.Release|Any CPU.ActiveCfg = Release|Any CPU
		{90DE1AE5-87B0-4625-8486-923550AB2616}.Release|Any CPU.Build.0 = Release|Any CPU
		{90DE1AE5-87B0-4625-8486-923550AB2616}.Release|x64.ActiveCfg = Release|Any CPU
		{90DE1AE5-87B0-4625-8486-923550AB2616}.Release|x64.Build.0 = Release|Any CPU
		{90DE1AE5-87B0-4625-8486-923550AB2616}.Release|x86.ActiveCfg = Release|Any CPU
		{90DE1AE5-87B0-4625-8486-923550AB2616}.Release|x86.Build.0 = Release|Any CPU
		{C895811C-ACF2-4F4B-9961-AC4DD19980D5}.Debug|Any CPU.ActiveCfg = Debug|Any CPU
		{C895811C-ACF2-4F4B-9961-AC4DD19980D5}.Debug|Any CPU.Build.0 = Debug|Any CPU
		{C895811C-ACF2-4F4B-9961-AC4DD19980D5}.Debug|x64.ActiveCfg = Debug|Any CPU
		{C895811C-ACF2-4F4B-9961-AC4DD19980D5}.Debug|x64.Build.0 = Debug|Any CPU
		{C895811C-ACF2-4F4B-9961-AC4DD19980D5}.Debug|x86.ActiveCfg = Debug|Any CPU
		{C895811C-ACF2-4F4B-9961-AC4DD19980D5}.Debug|x86.Build.0 = Debug|Any CPU
		{C895811C-ACF2-4F4B-9961-AC4DD19980D5}.Release|Any CPU.ActiveCfg = Release|Any CPU
		{C895811C-ACF2-4F4B-9961-AC4DD19980D5}.Release|Any CPU.Build.0 = Release|Any CPU
		{C895811C-ACF2-4F4B-9961-AC4DD19980D5}.Release|x64.ActiveCfg = Release|Any CPU
		{C895811C-ACF2-4F4B-9961-AC4DD19980D5}.Release|x64.Build.0 = Release|Any CPU
		{C895811C-ACF2-4F4B-9961-AC4DD19980D5}.Release|x86.ActiveCfg = Release|Any CPU
		{C895811C-ACF2-4F4B-9961-AC4DD19980D5}.Release|x86.Build.0 = Release|Any CPU
		{CE6FAEFF-0191-4477-93B4-E2785965D174}.Debug|Any CPU.ActiveCfg = Debug|Any CPU
		{CE6FAEFF-0191-4477-93B4-E2785965D174}.Debug|Any CPU.Build.0 = Debug|Any CPU
		{CE6FAEFF-0191-4477-93B4-E2785965D174}.Debug|x64.ActiveCfg = Debug|Any CPU
		{CE6FAEFF-0191-4477-93B4-E2785965D174}.Debug|x64.Build.0 = Debug|Any CPU
		{CE6FAEFF-0191-4477-93B4-E2785965D174}.Debug|x86.ActiveCfg = Debug|Any CPU
		{CE6FAEFF-0191-4477-93B4-E2785965D174}.Debug|x86.Build.0 = Debug|Any CPU
		{CE6FAEFF-0191-4477-93B4-E2785965D174}.Release|Any CPU.ActiveCfg = Release|Any CPU
		{CE6FAEFF-0191-4477-93B4-E2785965D174}.Release|Any CPU.Build.0 = Release|Any CPU
		{CE6FAEFF-0191-4477-93B4-E2785965D174}.Release|x64.ActiveCfg = Release|Any CPU
		{CE6FAEFF-0191-4477-93B4-E2785965D174}.Release|x64.Build.0 = Release|Any CPU
		{CE6FAEFF-0191-4477-93B4-E2785965D174}.Release|x86.ActiveCfg = Release|Any CPU
		{CE6FAEFF-0191-4477-93B4-E2785965D174}.Release|x86.Build.0 = Release|Any CPU
		{D6C42198-332C-49AB-916F-DA38D7A58C9F}.Debug|Any CPU.ActiveCfg = Debug|Any CPU
		{D6C42198-332C-49AB-916F-DA38D7A58C9F}.Debug|Any CPU.Build.0 = Debug|Any CPU
		{D6C42198-332C-49AB-916F-DA38D7A58C9F}.Debug|x64.ActiveCfg = Debug|Any CPU
		{D6C42198-332C-49AB-916F-DA38D7A58C9F}.Debug|x64.Build.0 = Debug|Any CPU
		{D6C42198-332C-49AB-916F-DA38D7A58C9F}.Debug|x86.ActiveCfg = Debug|Any CPU
		{D6C42198-332C-49AB-916F-DA38D7A58C9F}.Debug|x86.Build.0 = Debug|Any CPU
		{D6C42198-332C-49AB-916F-DA38D7A58C9F}.Release|Any CPU.ActiveCfg = Release|Any CPU
		{D6C42198-332C-49AB-916F-DA38D7A58C9F}.Release|Any CPU.Build.0 = Release|Any CPU
		{D6C42198-332C-49AB-916F-DA38D7A58C9F}.Release|x64.ActiveCfg = Release|Any CPU
		{D6C42198-332C-49AB-916F-DA38D7A58C9F}.Release|x64.Build.0 = Release|Any CPU
		{D6C42198-332C-49AB-916F-DA38D7A58C9F}.Release|x86.ActiveCfg = Release|Any CPU
		{D6C42198-332C-49AB-916F-DA38D7A58C9F}.Release|x86.Build.0 = Release|Any CPU
	EndGlobalSection
	GlobalSection(SolutionProperties) = preSolution
		HideSolutionNode = FALSE
	EndGlobalSection
	GlobalSection(NestedProjects) = preSolution
		{493B22FC-653D-E557-C62C-BB90067F6C6F} = {4D179CCE-BEDC-6849-EF32-6D4B35F0D1E5}
		{CE6FAEFF-0191-4477-93B4-E2785965D174} = {493B22FC-653D-E557-C62C-BB90067F6C6F}
		{B233897E-66C8-F85E-C143-9FDE1814E6DE} = {4D179CCE-BEDC-6849-EF32-6D4B35F0D1E5}
		{D6C42198-332C-49AB-916F-DA38D7A58C9F} = {B233897E-66C8-F85E-C143-9FDE1814E6DE}
	EndGlobalSection
	GlobalSection(ExtensibilityGlobals) = postSolution
		SolutionGuid = {E99603DE-A6E6-42BB-A95F-0DEC9879EBBC}
	EndGlobalSection
EndGlobal
