
Microsoft Visual Studio Solution File, Format Version 12.00
# Visual Studio Version 17
VisualStudioVersion = 17.14.36408.4
MinimumVisualStudioVersion = 10.0.40219.1
Project("{FAE04EC0-301F-11D3-BF4B-00C04F79EFBC}") = "server-q-it", "server-q-it\server-q-it.csproj", "{BE952173-56EF-4F36-BD98-A376D3EFDD46}"
EndProject
Project("{FAE04EC0-301F-11D3-BF4B-00C04F79EFBC}") = "Repository", "Reposetory\Repository.csproj", "{F3A4FBFB-7EB3-43C0-8F1E-8D9EED16CB72}"
EndProject
Project("{FAE04EC0-301F-11D3-BF4B-00C04F79EFBC}") = "server", "server\server.csproj", "{90DE1AE5-87B0-4625-8486-923550AB2616}"
EndProject
Project("{FAE04EC0-301F-11D3-BF4B-00C04F79EFBC}") = "CodeFirst", "CodeFirst\CodeFirst.csproj", "{C895811C-ACF2-4F4B-9961-AC4DD19980D5}"
EndProject
Global
	GlobalSection(SolutionConfigurationPlatforms) = preSolution
		Debug|Any CPU = Debug|Any CPU
		Release|Any CPU = Release|Any CPU
	EndGlobalSection
	GlobalSection(ProjectConfigurationPlatforms) = postSolution
		{BE952173-56EF-4F36-BD98-A376D3EFDD46}.Debug|Any CPU.ActiveCfg = Debug|Any CPU
		{BE952173-56EF-4F36-BD98-A376D3EFDD46}.Debug|Any CPU.Build.0 = Debug|Any CPU
		{BE952173-56EF-4F36-BD98-A376D3EFDD46}.Release|Any CPU.ActiveCfg = Release|Any CPU
		{BE952173-56EF-4F36-BD98-A376D3EFDD46}.Release|Any CPU.Build.0 = Release|Any CPU
		{F3A4FBFB-7EB3-43C0-8F1E-8D9EED16CB72}.Debug|Any CPU.ActiveCfg = Debug|Any CPU
		{F3A4FBFB-7EB3-43C0-8F1E-8D9EED16CB72}.Debug|Any CPU.Build.0 = Debug|Any CPU
		{F3A4FBFB-7EB3-43C0-8F1E-8D9EED16CB72}.Release|Any CPU.ActiveCfg = Release|Any CPU
		{F3A4FBFB-7EB3-43C0-8F1E-8D9EED16CB72}.Release|Any CPU.Build.0 = Release|Any CPU
		{90DE1AE5-87B0-4625-8486-923550AB2616}.Debug|Any CPU.ActiveCfg = Debug|Any CPU
		{90DE1AE5-87B0-4625-8486-923550AB2616}.Debug|Any CPU.Build.0 = Debug|Any CPU
		{90DE1AE5-87B0-4625-8486-923550AB2616}.Release|Any CPU.ActiveCfg = Release|Any CPU
		{90DE1AE5-87B0-4625-8486-923550AB2616}.Release|Any CPU.Build.0 = Release|Any CPU
		{C895811C-ACF2-4F4B-9961-AC4DD19980D5}.Debug|Any CPU.ActiveCfg = Debug|Any CPU
		{C895811C-ACF2-4F4B-9961-AC4DD19980D5}.Debug|Any CPU.Build.0 = Debug|Any CPU
		{C895811C-ACF2-4F4B-9961-AC4DD19980D5}.Release|Any CPU.ActiveCfg = Release|Any CPU
		{C895811C-ACF2-4F4B-9961-AC4DD19980D5}.Release|Any CPU.Build.0 = Release|Any CPU
	EndGlobalSection
	GlobalSection(SolutionProperties) = preSolution
		HideSolutionNode = FALSE
	EndGlobalSection
	GlobalSection(ExtensibilityGlobals) = postSolution
		SolutionGuid = {E99603DE-A6E6-42BB-A95F-0DEC9879EBBC}
	EndGlobalSection
EndGlobal
